// !$*UTF8*$!
{
	archiveVersion = 1;
	classes = {
	};
	objectVersion = 56;
	objects = {

/* Begin PBXBuildFile section */
		3D6653692C821F66009F3BEB /* BennyProjetApp.swift in Sources */ = {isa = PBXBuildFile; fileRef = 3D6653682C821F66009F3BEB /* BennyProjetApp.swift */; };
		3D66536B2C821F66009F3BEB /* ContentView.swift in Sources */ = {isa = PBXBuildFile; fileRef = 3D66536A2C821F66009F3BEB /* ContentView.swift */; };
		3D66536D2C821F67009F3BEB /* Assets.xcassets in Resources */ = {isa = PBXBuildFile; fileRef = 3D66536C2C821F67009F3BEB /* Assets.xcassets */; };
		3D6653712C821F67009F3BEB /* Preview Assets.xcassets in Resources */ = {isa = PBXBuildFile; fileRef = 3D6653702C821F67009F3BEB /* Preview Assets.xcassets */; };
		3D66537B2C821F67009F3BEB /* BennyProjetTests.swift in Sources */ = {isa = PBXBuildFile; fileRef = 3D66537A2C821F67009F3BEB /* BennyProjetTests.swift */; };
		3D6653852C821F67009F3BEB /* BennyProjetUITests.swift in Sources */ = {isa = PBXBuildFile; fileRef = 3D6653842C821F67009F3BEB /* BennyProjetUITests.swift */; };
		3D6653872C821F67009F3BEB /* BennyProjetUITestsLaunchTests.swift in Sources */ = {isa = PBXBuildFile; fileRef = 3D6653862C821F67009F3BEB /* BennyProjetUITestsLaunchTests.swift */; };
/* End PBXBuildFile section */

/* Begin PBXContainerItemProxy section */
		3D6653772C821F67009F3BEB /* PBXContainerItemProxy */ = {
			isa = PBXContainerItemProxy;
			containerPortal = 3D66535D2C821F66009F3BEB /* Project object */;
			proxyType = 1;
			remoteGlobalIDString = 3D6653642C821F66009F3BEB;
			remoteInfo = BennyProjet;
		};
		3D6653812C821F67009F3BEB /* PBXContainerItemProxy */ = {
			isa = PBXContainerItemProxy;
			containerPortal = 3D66535D2C821F66009F3BEB /* Project object */;
			proxyType = 1;
			remoteGlobalIDString = 3D6653642C821F66009F3BEB;
			remoteInfo = BennyProjet;
		};
/* End PBXContainerItemProxy section */

/* Begin PBXFileReference section */
		3D6653652C821F66009F3BEB /* BennyProjet.app */ = {isa = PBXFileReference; explicitFileType = wrapper.application; includeInIndex = 0; path = BennyProjet.app; sourceTree = BUILT_PRODUCTS_DIR; };
		3D6653682C821F66009F3BEB /* BennyProjetApp.swift */ = {isa = PBXFileReference; lastKnownFileType = sourcecode.swift; path = BennyProjetApp.swift; sourceTree = "<group>"; };
		3D66536A2C821F66009F3BEB /* ContentView.swift */ = {isa = PBXFileReference; lastKnownFileType = sourcecode.swift; path = ContentView.swift; sourceTree = "<group>"; };
		3D66536C2C821F67009F3BEB /* Assets.xcassets */ = {isa = PBXFileReference; lastKnownFileType = folder.assetcatalog; path = Assets.xcassets; sourceTree = "<group>"; };
		3D66536E2C821F67009F3BEB /* BennyProjet.entitlements */ = {isa = PBXFileReference; lastKnownFileType = text.plist.entitlements; path = BennyProjet.entitlements; sourceTree = "<group>"; };
		3D6653702C821F67009F3BEB /* Preview Assets.xcassets */ = {isa = PBXFileReference; lastKnownFileType = folder.assetcatalog; path = "Preview Assets.xcassets"; sourceTree = "<group>"; };
		3D6653762C821F67009F3BEB /* BennyProjetTests.xctest */ = {isa = PBXFileReference; explicitFileType = wrapper.cfbundle; includeInIndex = 0; path = BennyProjetTests.xctest; sourceTree = BUILT_PRODUCTS_DIR; };
		3D66537A2C821F67009F3BEB /* BennyProjetTests.swift */ = {isa = PBXFileReference; lastKnownFileType = sourcecode.swift; path = BennyProjetTests.swift; sourceTree = "<group>"; };
		3D6653802C821F67009F3BEB /* BennyProjetUITests.xctest */ = {isa = PBXFileReference; explicitFileType = wrapper.cfbundle; includeInIndex = 0; path = BennyProjetUITests.xctest; sourceTree = BUILT_PRODUCTS_DIR; };
		3D6653842C821F67009F3BEB /* BennyProjetUITests.swift */ = {isa = PBXFileReference; lastKnownFileType = sourcecode.swift; path = BennyProjetUITests.swift; sourceTree = "<group>"; };
		3D6653862C821F67009F3BEB /* BennyProjetUITestsLaunchTests.swift */ = {isa = PBXFileReference; lastKnownFileType = sourcecode.swift; path = BennyProjetUITestsLaunchTests.swift; sourceTree = "<group>"; };
/* End PBXFileReference section */

/* Begin PBXFrameworksBuildPhase section */
		3D6653622C821F66009F3BEB /* Frameworks */ = {
			isa = PBXFrameworksBuildPhase;
			buildActionMask = 2147483647;
			files = (
			);
			runOnlyForDeploymentPostprocessing = 0;
		};
		3D6653732C821F67009F3BEB /* Frameworks */ = {
			isa = PBXFrameworksBuildPhase;
			buildActionMask = 2147483647;
			files = (
			);
			runOnlyForDeploymentPostprocessing = 0;
		};
		3D66537D2C821F67009F3BEB /* Frameworks */ = {
			isa = PBXFrameworksBuildPhase;
			buildActionMask = 2147483647;
			files = (
			);
			runOnlyForDeploymentPostprocessing = 0;
		};
/* End PBXFrameworksBuildPhase section */

/* Begin PBXGroup section */
		3D66535C2C821F66009F3BEB = {
			isa = PBXGroup;
			children = (
				3D6653672C821F66009F3BEB /* BennyProjet */,
				3D6653792C821F67009F3BEB /* BennyProjetTests */,
				3D6653832C821F67009F3BEB /* BennyProjetUITests */,
				3D6653662C821F66009F3BEB /* Products */,
			);
			sourceTree = "<group>";
		};
		3D6653662C821F66009F3BEB /* Products */ = {
			isa = PBXGroup;
			children = (
				3D6653652C821F66009F3BEB /* BennyProjet.app */,
				3D6653762C821F67009F3BEB /* BennyProjetTests.xctest */,
				3D6653802C821F67009F3BEB /* BennyProjetUITests.xctest */,
			);
			name = Products;
			sourceTree = "<group>";
		};
		3D6653672C821F66009F3BEB /* BennyProjet */ = {
			isa = PBXGroup;
			children = (
				3D6653682C821F66009F3BEB /* BennyProjetApp.swift */,
				3D66536A2C821F66009F3BEB /* ContentView.swift */,
				3D66536C2C821F67009F3BEB /* Assets.xcassets */,
				3D66536E2C821F67009F3BEB /* BennyProjet.entitlements */,
				3D66536F2C821F67009F3BEB /* Preview Content */,
			);
			path = BennyProjet;
			sourceTree = "<group>";
		};
		3D66536F2C821F67009F3BEB /* Preview Content */ = {
			isa = PBXGroup;
			children = (
				3D6653702C821F67009F3BEB /* Preview Assets.xcassets */,
			);
			path = "Preview Content";
			sourceTree = "<group>";
		};
		3D6653792C821F67009F3BEB /* BennyProjetTests */ = {
			isa = PBXGroup;
			children = (
				3D66537A2C821F67009F3BEB /* BennyProjetTests.swift */,
			);
			path = BennyProjetTests;
			sourceTree = "<group>";
		};
		3D6653832C821F67009F3BEB /* BennyProjetUITests */ = {
			isa = PBXGroup;
			children = (
				3D6653842C821F67009F3BEB /* BennyProjetUITests.swift */,
				3D6653862C821F67009F3BEB /* BennyProjetUITestsLaunchTests.swift */,
			);
			path = BennyProjetUITests;
			sourceTree = "<group>";
		};
/* End PBXGroup section */

/* Begin PBXNativeTarget section */
		3D6653642C821F66009F3BEB /* BennyProjet */ = {
			isa = PBXNativeTarget;
			buildConfigurationList = 3D66538A2C821F67009F3BEB /* Build configuration list for PBXNativeTarget "BennyProjet" */;
			buildPhases = (
				3D6653612C821F66009F3BEB /* Sources */,
				3D6653622C821F66009F3BEB /* Frameworks */,
				3D6653632C821F66009F3BEB /* Resources */,
			);
			buildRules = (
			);
			dependencies = (
			);
			name = BennyProjet;
			productName = BennyProjet;
			productReference = 3D6653652C821F66009F3BEB /* BennyProjet.app */;
			productType = "com.apple.product-type.application";
		};
		3D6653752C821F67009F3BEB /* BennyProjetTests */ = {
			isa = PBXNativeTarget;
			buildConfigurationList = 3D66538D2C821F67009F3BEB /* Build configuration list for PBXNativeTarget "BennyProjetTests" */;
			buildPhases = (
				3D6653722C821F67009F3BEB /* Sources */,
				3D6653732C821F67009F3BEB /* Frameworks */,
				3D6653742C821F67009F3BEB /* Resources */,
			);
			buildRules = (
			);
			dependencies = (
				3D6653782C821F67009F3BEB /* PBXTargetDependency */,
			);
			name = BennyProjetTests;
			productName = BennyProjetTests;
			productReference = 3D6653762C821F67009F3BEB /* BennyProjetTests.xctest */;
			productType = "com.apple.product-type.bundle.unit-test";
		};
		3D66537F2C821F67009F3BEB /* BennyProjetUITests */ = {
			isa = PBXNativeTarget;
			buildConfigurationList = 3D6653902C821F67009F3BEB /* Build configuration list for PBXNativeTarget "BennyProjetUITests" */;
			buildPhases = (
				3D66537C2C821F67009F3BEB /* Sources */,
				3D66537D2C821F67009F3BEB /* Frameworks */,
				3D66537E2C821F67009F3BEB /* Resources */,
			);
			buildRules = (
			);
			dependencies = (
				3D6653822C821F67009F3BEB /* PBXTargetDependency */,
			);
			name = BennyProjetUITests;
			productName = BennyProjetUITests;
			productReference = 3D6653802C821F67009F3BEB /* BennyProjetUITests.xctest */;
			productType = "com.apple.product-type.bundle.ui-testing";
		};
/* End PBXNativeTarget section */

/* Begin PBXProject section */
		3D66535D2C821F66009F3BEB /* Project object */ = {
			isa = PBXProject;
			attributes = {
				BuildIndependentTargetsInParallel = 1;
				LastSwiftUpdateCheck = 1430;
				LastUpgradeCheck = 1430;
				TargetAttributes = {
					3D6653642C821F66009F3BEB = {
						CreatedOnToolsVersion = 14.3;
					};
					3D6653752C821F67009F3BEB = {
						CreatedOnToolsVersion = 14.3;
						TestTargetID = 3D6653642C821F66009F3BEB;
					};
					3D66537F2C821F67009F3BEB = {
						CreatedOnToolsVersion = 14.3;
						TestTargetID = 3D6653642C821F66009F3BEB;
					};
				};
			};
			buildConfigurationList = 3D6653602C821F66009F3BEB /* Build configuration list for PBXProject "BennyProjet" */;
			compatibilityVersion = "Xcode 14.0";
			developmentRegion = en;
			hasScannedForEncodings = 0;
			knownRegions = (
				en,
				Base,
			);
			mainGroup = 3D66535C2C821F66009F3BEB;
			productRefGroup = 3D6653662C821F66009F3BEB /* Products */;
			projectDirPath = "";
			projectRoot = "";
			targets = (
				3D6653642C821F66009F3BEB /* BennyProjet */,
				3D6653752C821F67009F3BEB /* BennyProjetTests */,
				3D66537F2C821F67009F3BEB /* BennyProjetUITests */,
			);
		};
/* End PBXProject section */

/* Begin PBXResourcesBuildPhase section */
		3D6653632C821F66009F3BEB /* Resources */ = {
			isa = PBXResourcesBuildPhase;
			buildActionMask = 2147483647;
			files = (
				3D6653712C821F67009F3BEB /* Preview Assets.xcassets in Resources */,
				3D66536D2C821F67009F3BEB /* Assets.xcassets in Resources */,
			);
			runOnlyForDeploymentPostprocessing = 0;
		};
		3D6653742C821F67009F3BEB /* Resources */ = {
			isa = PBXResourcesBuildPhase;
			buildActionMask = 2147483647;
			files = (
			);
			runOnlyForDeploymentPostprocessing = 0;
		};
		3D66537E2C821F67009F3BEB /* Resources */ = {
			isa = PBXResourcesBuildPhase;
			buildActionMask = 2147483647;
			files = (
			);
			runOnlyForDeploymentPostprocessing = 0;
		};
/* End PBXResourcesBuildPhase section */

/* Begin PBXSourcesBuildPhase section */
		3D6653612C821F66009F3BEB /* Sources */ = {
			isa = PBXSourcesBuildPhase;
			buildActionMask = 2147483647;
			files = (
				3D66536B2C821F66009F3BEB /* ContentView.swift in Sources */,
				3D6653692C821F66009F3BEB /* BennyProjetApp.swift in Sources */,
			);
			runOnlyForDeploymentPostprocessing = 0;
		};
		3D6653722C821F67009F3BEB /* Sources */ = {
			isa = PBXSourcesBuildPhase;
			buildActionMask = 2147483647;
			files = (
				3D66537B2C821F67009F3BEB /* BennyProjetTests.swift in Sources */,
			);
			runOnlyForDeploymentPostprocessing = 0;
		};
		3D66537C2C821F67009F3BEB /* Sources */ = {
			isa = PBXSourcesBuildPhase;
			buildActionMask = 2147483647;
			files = (
				3D6653852C821F67009F3BEB /* BennyProjetUITests.swift in Sources */,
				3D6653872C821F67009F3BEB /* BennyProjetUITestsLaunchTests.swift in Sources */,
			);
			runOnlyForDeploymentPostprocessing = 0;
		};
/* End PBXSourcesBuildPhase section */

/* Begin PBXTargetDependency section */
		3D6653782C821F67009F3BEB /* PBXTargetDependency */ = {
			isa = PBXTargetDependency;
			target = 3D6653642C821F66009F3BEB /* BennyProjet */;
			targetProxy = 3D6653772C821F67009F3BEB /* PBXContainerItemProxy */;
		};
		3D6653822C821F67009F3BEB /* PBXTargetDependency */ = {
			isa = PBXTargetDependency;
			target = 3D6653642C821F66009F3BEB /* BennyProjet */;
			targetProxy = 3D6653812C821F67009F3BEB /* PBXContainerItemProxy */;
		};
/* End PBXTargetDependency section */

/* Begin XCBuildConfiguration section */
		3D6653882C821F67009F3BEB /* Debug */ = {
			isa = XCBuildConfiguration;
			buildSettings = {
				ALWAYS_SEARCH_USER_PATHS = NO;
				CLANG_ANALYZER_NONNULL = YES;
				CLANG_ANALYZER_NUMBER_OBJECT_CONVERSION = YES_AGGRESSIVE;
				CLANG_CXX_LANGUAGE_STANDARD = "gnu++20";
				CLANG_ENABLE_MODULES = YES;
				CLANG_ENABLE_OBJC_ARC = YES;
				CLANG_ENABLE_OBJC_WEAK = YES;
				CLANG_WARN_BLOCK_CAPTURE_AUTORELEASING = YES;
				CLANG_WARN_BOOL_CONVERSION = YES;
				CLANG_WARN_COMMA = YES;
				CLANG_WARN_CONSTANT_CONVERSION = YES;
				CLANG_WARN_DEPRECATED_OBJC_IMPLEMENTATIONS = YES;
				CLANG_WARN_DIRECT_OBJC_ISA_USAGE = YES_ERROR;
				CLANG_WARN_DOCUMENTATION_COMMENTS = YES;
				CLANG_WARN_EMPTY_BODY = YES;
				CLANG_WARN_ENUM_CONVERSION = YES;
				CLANG_WARN_INFINITE_RECURSION = YES;
				CLANG_WARN_INT_CONVERSION = YES;
				CLANG_WARN_NON_LITERAL_NULL_CONVERSION = YES;
				CLANG_WARN_OBJC_IMPLICIT_RETAIN_SELF = YES;
				CLANG_WARN_OBJC_LITERAL_CONVERSION = YES;
				CLANG_WARN_OBJC_ROOT_CLASS = YES_ERROR;
				CLANG_WARN_QUOTED_INCLUDE_IN_FRAMEWORK_HEADER = YES;
				CLANG_WARN_RANGE_LOOP_ANALYSIS = YES;
				CLANG_WARN_STRICT_PROTOTYPES = YES;
				CLANG_WARN_SUSPICIOUS_MOVE = YES;
				CLANG_WARN_UNGUARDED_AVAILABILITY = YES_AGGRESSIVE;
				CLANG_WARN_UNREACHABLE_CODE = YES;
				CLANG_WARN__DUPLICATE_METHOD_MATCH = YES;
				COPY_PHASE_STRIP = NO;
				DEBUG_INFORMATION_FORMAT = dwarf;
				ENABLE_STRICT_OBJC_MSGSEND = YES;
				ENABLE_TESTABILITY = YES;
				GCC_C_LANGUAGE_STANDARD = gnu11;
				GCC_DYNAMIC_NO_PIC = NO;
				GCC_NO_COMMON_BLOCKS = YES;
				GCC_OPTIMIZATION_LEVEL = 0;
				GCC_PREPROCESSOR_DEFINITIONS = (
					"DEBUG=1",
					"$(inherited)",
				);
				GCC_WARN_64_TO_32_BIT_CONVERSION = YES;
				GCC_WARN_ABOUT_RETURN_TYPE = YES_ERROR;
				GCC_WARN_UNDECLARED_SELECTOR = YES;
				GCC_WARN_UNINITIALIZED_AUTOS = YES_AGGRESSIVE;
				GCC_WARN_UNUSED_FUNCTION = YES;
				GCC_WARN_UNUSED_VARIABLE = YES;
				MTL_ENABLE_DEBUG_INFO = INCLUDE_SOURCE;
				MTL_FAST_MATH = YES;
				ONLY_ACTIVE_ARCH = YES;
				SWIFT_ACTIVE_COMPILATION_CONDITIONS = DEBUG;
				SWIFT_OPTIMIZATION_LEVEL = "-Onone";
			};
			name = Debug;
		};
		3D6653892C821F67009F3BEB /* Release */ = {
			isa = XCBuildConfiguration;
			buildSettings = {
				ALWAYS_SEARCH_USER_PATHS = NO;
				CLANG_ANALYZER_NONNULL = YES;
				CLANG_ANALYZER_NUMBER_OBJECT_CONVERSION = YES_AGGRESSIVE;
				CLANG_CXX_LANGUAGE_STANDARD = "gnu++20";
				CLANG_ENABLE_MODULES = YES;
				CLANG_ENABLE_OBJC_ARC = YES;
				CLANG_ENABLE_OBJC_WEAK = YES;
				CLANG_WARN_BLOCK_CAPTURE_AUTORELEASING = YES;
				CLANG_WARN_BOOL_CONVERSION = YES;
				CLANG_WARN_COMMA = YES;
				CLANG_WARN_CONSTANT_CONVERSION = YES;
				CLANG_WARN_DEPRECATED_OBJC_IMPLEMENTATIONS = YES;
				CLANG_WARN_DIRECT_OBJC_ISA_USAGE = YES_ERROR;
				CLANG_WARN_DOCUMENTATION_COMMENTS = YES;
				CLANG_WARN_EMPTY_BODY = YES;
				CLANG_WARN_ENUM_CONVERSION = YES;
				CLANG_WARN_INFINITE_RECURSION = YES;
				CLANG_WARN_INT_CONVERSION = YES;
				CLANG_WARN_NON_LITERAL_NULL_CONVERSION = YES;
				CLANG_WARN_OBJC_IMPLICIT_RETAIN_SELF = YES;
				CLANG_WARN_OBJC_LITERAL_CONVERSION = YES;
				CLANG_WARN_OBJC_ROOT_CLASS = YES_ERROR;
				CLANG_WARN_QUOTED_INCLUDE_IN_FRAMEWORK_HEADER = YES;
				CLANG_WARN_RANGE_LOOP_ANALYSIS = YES;
				CLANG_WARN_STRICT_PROTOTYPES = YES;
				CLANG_WARN_SUSPICIOUS_MOVE = YES;
				CLANG_WARN_UNGUARDED_AVAILABILITY = YES_AGGRESSIVE;
				CLANG_WARN_UNREACHABLE_CODE = YES;
				CLANG_WARN__DUPLICATE_METHOD_MATCH = YES;
				COPY_PHASE_STRIP = NO;
				DEBUG_INFORMATION_FORMAT = "dwarf-with-dsym";
				ENABLE_NS_ASSERTIONS = NO;
				ENABLE_STRICT_OBJC_MSGSEND = YES;
				GCC_C_LANGUAGE_STANDARD = gnu11;
				GCC_NO_COMMON_BLOCKS = YES;
				GCC_WARN_64_TO_32_BIT_CONVERSION = YES;
				GCC_WARN_ABOUT_RETURN_TYPE = YES_ERROR;
				GCC_WARN_UNDECLARED_SELECTOR = YES;
				GCC_WARN_UNINITIALIZED_AUTOS = YES_AGGRESSIVE;
				GCC_WARN_UNUSED_FUNCTION = YES;
				GCC_WARN_UNUSED_VARIABLE = YES;
				MTL_ENABLE_DEBUG_INFO = NO;
				MTL_FAST_MATH = YES;
				SWIFT_COMPILATION_MODE = wholemodule;
				SWIFT_OPTIMIZATION_LEVEL = "-O";
			};
			name = Release;
		};
		3D66538B2C821F67009F3BEB /* Debug */ = {
			isa = XCBuildConfiguration;
			buildSettings = {
				ASSETCATALOG_COMPILER_APPICON_NAME = AppIcon;
				ASSETCATALOG_COMPILER_GLOBAL_ACCENT_COLOR_NAME = AccentColor;
				CODE_SIGN_ENTITLEMENTS = BennyProjet/BennyProjet.entitlements;
				CODE_SIGN_STYLE = Automatic;
				CURRENT_PROJECT_VERSION = 1;
				DEVELOPMENT_ASSET_PATHS = "\"BennyProjet/Preview Content\"";
				ENABLE_PREVIEWS = YES;
				GENERATE_INFOPLIST_FILE = YES;
				"INFOPLIST_KEY_UIApplicationSceneManifest_Generation[sdk=iphoneos*]" = YES;
				"INFOPLIST_KEY_UIApplicationSceneManifest_Generation[sdk=iphonesimulator*]" = YES;
				"INFOPLIST_KEY_UIApplicationSupportsIndirectInputEvents[sdk=iphoneos*]" = YES;
				"INFOPLIST_KEY_UIApplicationSupportsIndirectInputEvents[sdk=iphonesimulator*]" = YES;
				"INFOPLIST_KEY_UILaunchScreen_Generation[sdk=iphoneos*]" = YES;
				"INFOPLIST_KEY_UILaunchScreen_Generation[sdk=iphonesimulator*]" = YES;
				"INFOPLIST_KEY_UIStatusBarStyle[sdk=iphoneos*]" = UIStatusBarStyleDefault;
				"INFOPLIST_KEY_UIStatusBarStyle[sdk=iphonesimulator*]" = UIStatusBarStyleDefault;
				INFOPLIST_KEY_UISupportedInterfaceOrientations_iPad = "UIInterfaceOrientationPortrait UIInterfaceOrientationPortraitUpsideDown UIInterfaceOrientationLandscapeLeft UIInterfaceOrientationLandscapeRight";
				INFOPLIST_KEY_UISupportedInterfaceOrientations_iPhone = "UIInterfaceOrientationPortrait UIInterfaceOrientationLandscapeLeft UIInterfaceOrientationLandscapeRight";
				IPHONEOS_DEPLOYMENT_TARGET = 16.4;
				LD_RUNPATH_SEARCH_PATHS = "@executable_path/Frameworks";
				"LD_RUNPATH_SEARCH_PATHS[sdk=macosx*]" = "@executable_path/../Frameworks";
				MACOSX_DEPLOYMENT_TARGET = 13.2;
				MARKETING_VERSION = 1.0;
				PRODUCT_BUNDLE_IDENTIFIER = BennyTran.BennyProjet;
				PRODUCT_NAME = "$(TARGET_NAME)";
				SDKROOT = auto;
				SUPPORTED_PLATFORMS = "iphoneos iphonesimulator macosx";
				SWIFT_EMIT_LOC_STRINGS = YES;
				SWIFT_VERSION = 5.0;
				TARGETED_DEVICE_FAMILY = "1,2";
			};
			name = Debug;
		};
		3D66538C2C821F67009F3BEB /* Release */ = {
			isa = XCBuildConfiguration;
			buildSettings = {
				ASSETCATALOG_COMPILER_APPICON_NAME = AppIcon;
				ASSETCATALOG_COMPILER_GLOBAL_ACCENT_COLOR_NAME = AccentColor;
				CODE_SIGN_ENTITLEMENTS = BennyProjet/BennyProjet.entitlements;
				CODE_SIGN_STYLE = Automatic;
				CURRENT_PROJECT_VERSION = 1;
				DEVELOPMENT_ASSET_PATHS = "\"BennyProjet/Preview Content\"";
				ENABLE_PREVIEWS = YES;
				GENERATE_INFOPLIST_FILE = YES;
				"INFOPLIST_KEY_UIApplicationSceneManifest_Generation[sdk=iphoneos*]" = YES;
				"INFOPLIST_KEY_UIApplicationSceneManifest_Generation[sdk=iphonesimulator*]" = YES;
				"INFOPLIST_KEY_UIApplicationSupportsIndirectInputEvents[sdk=iphoneos*]" = YES;
				"INFOPLIST_KEY_UIApplicationSupportsIndirectInputEvents[sdk=iphonesimulator*]" = YES;
				"INFOPLIST_KEY_UILaunchScreen_Generation[sdk=iphoneos*]" = YES;
				"INFOPLIST_KEY_UILaunchScreen_Generation[sdk=iphonesimulator*]" = YES;
				"INFOPLIST_KEY_UIStatusBarStyle[sdk=iphoneos*]" = UIStatusBarStyleDefault;
				"INFOPLIST_KEY_UIStatusBarStyle[sdk=iphonesimulator*]" = UIStatusBarStyleDefault;
				INFOPLIST_KEY_UISupportedInterfaceOrientations_iPad = "UIInterfaceOrientationPortrait UIInterfaceOrientationPortraitUpsideDown UIInterfaceOrientationLandscapeLeft UIInterfaceOrientationLandscapeRight";
				INFOPLIST_KEY_UISupportedInterfaceOrientations_iPhone = "UIInterfaceOrientationPortrait UIInterfaceOrientationLandscapeLeft UIInterfaceOrientationLandscapeRight";
				IPHONEOS_DEPLOYMENT_TARGET = 16.4;
				LD_RUNPATH_SEARCH_PATHS = "@executable_path/Frameworks";
				"LD_RUNPATH_SEARCH_PATHS[sdk=macosx*]" = "@executable_path/../Frameworks";
				MACOSX_DEPLOYMENT_TARGET = 13.2;
				MARKETING_VERSION = 1.0;
				PRODUCT_BUNDLE_IDENTIFIER = BennyTran.BennyProjet;
				PRODUCT_NAME = "$(TARGET_NAME)";
				SDKROOT = auto;
				SUPPORTED_PLATFORMS = "iphoneos iphonesimulator macosx";
				SWIFT_EMIT_LOC_STRINGS = YES;
				SWIFT_VERSION = 5.0;
				TARGETED_DEVICE_FAMILY = "1,2";
			};
			name = Release;
		};
		3D66538E2C821F67009F3BEB /* Debug */ = {
			isa = XCBuildConfiguration;
			buildSettings = {
				ALWAYS_EMBED_SWIFT_STANDARD_LIBRARIES = YES;
				BUNDLE_LOADER = "$(TEST_HOST)";
				CODE_SIGN_STYLE = Automatic;
				CURRENT_PROJECT_VERSION = 1;
				GENERATE_INFOPLIST_FILE = YES;
				IPHONEOS_DEPLOYMENT_TARGET = 16.4;
				MACOSX_DEPLOYMENT_TARGET = 13.2;
				MARKETING_VERSION = 1.0;
				PRODUCT_BUNDLE_IDENTIFIER = BennyTran.BennyProjetTests;
				PRODUCT_NAME = "$(TARGET_NAME)";
				SDKROOT = auto;
				SUPPORTED_PLATFORMS = "iphoneos iphonesimulator macosx";
				SWIFT_EMIT_LOC_STRINGS = NO;
				SWIFT_VERSION = 5.0;
				TARGETED_DEVICE_FAMILY = "1,2";
				TEST_HOST = "$(BUILT_PRODUCTS_DIR)/BennyProjet.app/$(BUNDLE_EXECUTABLE_FOLDER_PATH)/BennyProjet";
			};
			name = Debug;
		};
		3D66538F2C821F67009F3BEB /* Release */ = {
			isa = XCBuildConfiguration;
			buildSettings = {
				ALWAYS_EMBED_SWIFT_STANDARD_LIBRARIES = YES;
				BUNDLE_LOADER = "$(TEST_HOST)";
				CODE_SIGN_STYLE = Automatic;
				CURRENT_PROJECT_VERSION = 1;
				GENERATE_INFOPLIST_FILE = YES;
				IPHONEOS_DEPLOYMENT_TARGET = 16.4;
				MACOSX_DEPLOYMENT_TARGET = 13.2;
				MARKETING_VERSION = 1.0;
				PRODUCT_BUNDLE_IDENTIFIER = BennyTran.BennyProjetTests;
				PRODUCT_NAME = "$(TARGET_NAME)";
				SDKROOT = auto;
				SUPPORTED_PLATFORMS = "iphoneos iphonesimulator macosx";
				SWIFT_EMIT_LOC_STRINGS = NO;
				SWIFT_VERSION = 5.0;
				TARGETED_DEVICE_FAMILY = "1,2";
				TEST_HOST = "$(BUILT_PRODUCTS_DIR)/BennyProjet.app/$(BUNDLE_EXECUTABLE_FOLDER_PATH)/BennyProjet";
			};
			name = Release;
		};
		3D6653912C821F67009F3BEB /* Debug */ = {
			isa = XCBuildConfiguration;
			buildSettings = {
				ALWAYS_EMBED_SWIFT_STANDARD_LIBRARIES = YES;
				CODE_SIGN_STYLE = Automatic;
				CURRENT_PROJECT_VERSION = 1;
				GENERATE_INFOPLIST_FILE = YES;
				IPHONEOS_DEPLOYMENT_TARGET = 16.4;
				MACOSX_DEPLOYMENT_TARGET = 13.2;
				MARKETING_VERSION = 1.0;
				PRODUCT_BUNDLE_IDENTIFIER = BennyTran.BennyProjetUITests;
				PRODUCT_NAME = "$(TARGET_NAME)";
				SDKROOT = auto;
				SUPPORTED_PLATFORMS = "iphoneos iphonesimulator macosx";
				SWIFT_EMIT_LOC_STRINGS = NO;
				SWIFT_VERSION = 5.0;
				TARGETED_DEVICE_FAMILY = "1,2";
				TEST_TARGET_NAME = BennyProjet;
			};
			name = Debug;
		};
		3D6653922C821F67009F3BEB /* Release */ = {
			isa = XCBuildConfiguration;
			buildSettings = {
				ALWAYS_EMBED_SWIFT_STANDARD_LIBRARIES = YES;
				CODE_SIGN_STYLE = Automatic;
				CURRENT_PROJECT_VERSION = 1;
				GENERATE_INFOPLIST_FILE = YES;
				IPHONEOS_DEPLOYMENT_TARGET = 16.4;
				MACOSX_DEPLOYMENT_TARGET = 13.2;
				MARKETING_VERSION = 1.0;
				PRODUCT_BUNDLE_IDENTIFIER = BennyTran.BennyProjetUITests;
				PRODUCT_NAME = "$(TARGET_NAME)";
				SDKROOT = auto;
				SUPPORTED_PLATFORMS = "iphoneos iphonesimulator macosx";
				SWIFT_EMIT_LOC_STRINGS = NO;
				SWIFT_VERSION = 5.0;
				TARGETED_DEVICE_FAMILY = "1,2";
				TEST_TARGET_NAME = BennyProjet;
			};
			name = Release;
		};
/* End XCBuildConfiguration section */

/* Begin XCConfigurationList section */
		3D6653602C821F66009F3BEB /* Build configuration list for PBXProject "BennyProjet" */ = {
			isa = XCConfigurationList;
			buildConfigurations = (
				3D6653882C821F67009F3BEB /* Debug */,
				3D6653892C821F67009F3BEB /* Release */,
			);
			defaultConfigurationIsVisible = 0;
			defaultConfigurationName = Release;
		};
		3D66538A2C821F67009F3BEB /* Build configuration list for PBXNativeTarget "BennyProjet" */ = {
			isa = XCConfigurationList;
			buildConfigurations = (
				3D66538B2C821F67009F3BEB /* Debug */,
				3D66538C2C821F67009F3BEB /* Release */,
			);
			defaultConfigurationIsVisible = 0;
			defaultConfigurationName = Release;
		};
		3D66538D2C821F67009F3BEB /* Build configuration list for PBXNativeTarget "BennyProjetTests" */ = {
			isa = XCConfigurationList;
			buildConfigurations = (
				3D66538E2C821F67009F3BEB /* Debug */,
				3D66538F2C821F67009F3BEB /* Release */,
			);
			defaultConfigurationIsVisible = 0;
			defaultConfigurationName = Release;
		};
		3D6653902C821F67009F3BEB /* Build configuration list for PBXNativeTarget "BennyProjetUITests" */ = {
			isa = XCConfigurationList;
			buildConfigurations = (
				3D6653912C821F67009F3BEB /* Debug */,
				3D6653922C821F67009F3BEB /* Release */,
			);
			defaultConfigurationIsVisible = 0;
			defaultConfigurationName = Release;
		};
/* End XCConfigurationList section */
	};
	rootObject = 3D66535D2C821F66009F3BEB /* Project object */;
}
